
Microsoft Visual Studio Solution File, Format Version 12.00
# Visual Studio Version 17
VisualStudioVersion = 17.12.35527.113 d17.12
MinimumVisualStudioVersion = 10.0.40219.1
Project("{FAE04EC0-301F-11D3-BF4B-00C04F79EFBC}") = "WPF1", "WPF1\WPF1.csproj", "{9D46D78B-423A-4C33-AE3A-096F6E4B12D4}"
EndProject
Project("{2150E333-8FDC-42A3-9474-1A3956D46DE8}") = "Solution Items", "Solution Items", "{ED8319C6-73A5-4FC5-B90A-53679133CA19}"
	ProjectSection(SolutionItems) = preProject
		..\API testing\API testing\Driver.cs = ..\API testing\API testing\Driver.cs
	EndProjectSection
EndProject
Global
	GlobalSection(SolutionConfigurationPlatforms) = preSolution
		Debug|Any CPU = Debug|Any CPU
		Release|Any CPU = Release|Any CPU
	EndGlobalSection
	GlobalSection(ProjectConfigurationPlatforms) = postSolution
		{9D46D78B-423A-4C33-AE3A-096F6E4B12D4}.Debug|Any CPU.ActiveCfg = Debug|Any CPU
		{9D46D78B-423A-4C33-AE3A-096F6E4B12D4}.Debug|Any CPU.Build.0 = Debug|Any CPU
		{9D46D78B-423A-4C33-AE3A-096F6E4B12D4}.Release|Any CPU.ActiveCfg = Release|Any CPU
		{9D46D78B-423A-4C33-AE3A-096F6E4B12D4}.Release|Any CPU.Build.0 = Release|Any CPU
	EndGlobalSection
	GlobalSection(SolutionProperties) = preSolution
		HideSolutionNode = FALSE
	EndGlobalSection
EndGlobal
